
Microsoft Visual Studio Solution File, Format Version 12.00
# Visual Studio 14
VisualStudioVersion = 14.0.25123.0
MinimumVisualStudioVersion = 10.0.40219.1
Project("{8BC9CEB8-8B4A-11D0-8D11-00A0C91BC942}") = "BaseClasses", "src\baseclasses\BaseClasses.vcxproj", "{E8A3F6FA-AE1C-4C8E-A0B6-9C8480324EAA}"
EndProject
Project("{8BC9CEB8-8B4A-11D0-8D11-00A0C91BC942}") = "lua-5.3.2", "src\lua-5.3.2\lua-5.3.2.vcxproj", "{69DEFC56-922A-4CB2-88CC-F0FB8DD6880C}"
EndProject
Project("{8BC9CEB8-8B4A-11D0-8D11-00A0C91BC942}") = "DirectXTK_Desktop_2015", "src\DirectXTK\DirectXTK_Desktop_2015.vcxproj", "{E0B52AE7-E160-4D32-BF3F-910B785E5A8E}"
EndProject
Project("{8BC9CEB8-8B4A-11D0-8D11-00A0C91BC942}") = "FW1FontWrapper", "src\FW1FontWrapper\FW1FontWrapper.vcxproj", "{9F62DB07-EA42-4388-82AB-E6FAA371F353}"
EndProject
Project("{8BC9CEB8-8B4A-11D0-8D11-00A0C91BC942}") = "LuaSource", "src\LuaSource\LuaSource.vcxproj", "{39469123-3EB7-45F3-A15B-3854DFD2C2EB}"
EndProject
Global
	GlobalSection(SolutionConfigurationPlatforms) = preSolution
		Debug|Win32 = Debug|Win32
		Debug|x64 = Debug|x64
		Release|Win32 = Release|Win32
		Release|x64 = Release|x64
	EndGlobalSection
	GlobalSection(ProjectConfigurationPlatforms) = postSolution
		{E8A3F6FA-AE1C-4C8E-A0B6-9C8480324EAA}.Debug|Win32.ActiveCfg = Debug|Win32
		{E8A3F6FA-AE1C-4C8E-A0B6-9C8480324EAA}.Debug|Win32.Build.0 = Debug|Win32
		{E8A3F6FA-AE1C-4C8E-A0B6-9C8480324EAA}.Debug|x64.ActiveCfg = Debug|x64
		{E8A3F6FA-AE1C-4C8E-A0B6-9C8480324EAA}.Debug|x64.Build.0 = Debug|x64
		{E8A3F6FA-AE1C-4C8E-A0B6-9C8480324EAA}.Release|Win32.ActiveCfg = Release|Win32
		{E8A3F6FA-AE1C-4C8E-A0B6-9C8480324EAA}.Release|Win32.Build.0 = Release|Win32
		{E8A3F6FA-AE1C-4C8E-A0B6-9C8480324EAA}.Release|x64.ActiveCfg = Release|x64
		{E8A3F6FA-AE1C-4C8E-A0B6-9C8480324EAA}.Release|x64.Build.0 = Release|x64
		{69DEFC56-922A-4CB2-88CC-F0FB8DD6880C}.Debug|Win32.ActiveCfg = Debug|Win32
		{69DEFC56-922A-4CB2-88CC-F0FB8DD6880C}.Debug|Win32.Build.0 = Debug|Win32
		{69DEFC56-922A-4CB2-88CC-F0FB8DD6880C}.Debug|x64.ActiveCfg = Debug|x64
		{69DEFC56-922A-4CB2-88CC-F0FB8DD6880C}.Debug|x64.Build.0 = Debug|x64
		{69DEFC56-922A-4CB2-88CC-F0FB8DD6880C}.Release|Win32.ActiveCfg = Release|Win32
		{69DEFC56-922A-4CB2-88CC-F0FB8DD6880C}.Release|Win32.Build.0 = Release|Win32
		{69DEFC56-922A-4CB2-88CC-F0FB8DD6880C}.Release|x64.ActiveCfg = Release|x64
		{69DEFC56-922A-4CB2-88CC-F0FB8DD6880C}.Release|x64.Build.0 = Release|x64
		{E0B52AE7-E160-4D32-BF3F-910B785E5A8E}.Debug|Win32.ActiveCfg = Debug|Win32
		{E0B52AE7-E160-4D32-BF3F-910B785E5A8E}.Debug|Win32.Build.0 = Debug|Win32
		{E0B52AE7-E160-4D32-BF3F-910B785E5A8E}.Debug|x64.ActiveCfg = Debug|x64
		{E0B52AE7-E160-4D32-BF3F-910B785E5A8E}.Debug|x64.Build.0 = Debug|x64
		{E0B52AE7-E160-4D32-BF3F-910B785E5A8E}.Release|Win32.ActiveCfg = Release|Win32
		{E0B52AE7-E160-4D32-BF3F-910B785E5A8E}.Release|Win32.Build.0 = Release|Win32
		{E0B52AE7-E160-4D32-BF3F-910B785E5A8E}.Release|x64.ActiveCfg = Release|x64
		{E0B52AE7-E160-4D32-BF3F-910B785E5A8E}.Release|x64.Build.0 = Release|x64
		{9F62DB07-EA42-4388-82AB-E6FAA371F353}.Debug|Win32.ActiveCfg = Debug|Win32
		{9F62DB07-EA42-4388-82AB-E6FAA371F353}.Debug|Win32.Build.0 = Debug|Win32
		{9F62DB07-EA42-4388-82AB-E6FAA371F353}.Debug|x64.ActiveCfg = Debug|x64
		{9F62DB07-EA42-4388-82AB-E6FAA371F353}.Debug|x64.Build.0 = Debug|x64
		{9F62DB07-EA42-4388-82AB-E6FAA371F353}.Release|Win32.ActiveCfg = Release|Win32
		{9F62DB07-EA42-4388-82AB-E6FAA371F353}.Release|Win32.Build.0 = Release|Win32
		{9F62DB07-EA42-4388-82AB-E6FAA371F353}.Release|x64.ActiveCfg = Release|x64
		{9F62DB07-EA42-4388-82AB-E6FAA371F353}.Release|x64.Build.0 = Release|x64
		{39469123-3EB7-45F3-A15B-3854DFD2C2EB}.Debug|Win32.ActiveCfg = Debug|Win32
		{39469123-3EB7-45F3-A15B-3854DFD2C2EB}.Debug|Win32.Build.0 = Debug|Win32
		{39469123-3EB7-45F3-A15B-3854DFD2C2EB}.Debug|x64.ActiveCfg = Debug|x64
		{39469123-3EB7-45F3-A15B-3854DFD2C2EB}.Debug|x64.Build.0 = Debug|x64
		{39469123-3EB7-45F3-A15B-3854DFD2C2EB}.Release|Win32.ActiveCfg = Release|Win32
		{39469123-3EB7-45F3-A15B-3854DFD2C2EB}.Release|Win32.Build.0 = Release|Win32
		{39469123-3EB7-45F3-A15B-3854DFD2C2EB}.Release|x64.ActiveCfg = Release|x64
		{39469123-3EB7-45F3-A15B-3854DFD2C2EB}.Release|x64.Build.0 = Release|x64
	EndGlobalSection
	GlobalSection(SolutionProperties) = preSolution
		HideSolutionNode = FALSE
	EndGlobalSection
EndGlobal
